{
  "checksum": "ff8882f8bc0721754f2f009ef3260a2596f41033a782261fa87e62094a2eebdd",
  "crates": {
    "cfg-if 1.0.0": {
      "name": "cfg-if",
      "version": "1.0.0",
      "repository": {
        "Http": {
          "url": "https://crates.io/api/v1/crates/cfg-if/1.0.0/download",
          "sha256": "baf1de4339761588bc0619e3cbc0120ee582ebb74b53b4efbf79117bd2da40fd"
        }
      },
      "targets": [
        {
          "Library": {
            "crate_name": "cfg_if",
            "crate_root": "src/lib.rs",
            "srcs": [
              "**/*.rs"
            ]
          }
        }
      ],
      "library_target_name": "cfg_if",
      "common_attrs": {
        "compile_data_glob": [
          "**"
        ],
        "edition": "2018",
        "version": "1.0.0"
      },
      "license": "MIT/Apache-2.0"
    },
    "direct-cargo-bazel-deps 0.0.1": {
      "name": "direct-cargo-bazel-deps",
      "version": "0.0.1",
      "repository": null,
      "targets": [
        {
          "Library": {
            "crate_name": "direct_cargo_bazel_deps",
            "crate_root": ".direct_cargo_bazel_deps.rs",
            "srcs": [
              "**/*.rs"
            ]
          }
        }
      ],
      "library_target_name": "direct_cargo_bazel_deps",
      "common_attrs": {
        "compile_data_glob": [
          "**"
        ],
        "deps": {
          "common": [
            {
              "id": "instant 0.1.12",
              "target": "instant"
            },
            {
              "id": "itertools 0.10.5",
              "target": "itertools"
            },
            {
              "id": "itoa 1.0.6",
              "target": "itoa"
            }
          ],
          "selects": {}
        },
        "edition": "2018",
        "version": "0.0.1"
      },
      "license": null
    },
    "either 1.8.1": {
      "name": "either",
      "version": "1.8.1",
      "repository": {
        "Http": {
          "url": "https://crates.io/api/v1/crates/either/1.8.1/download",
          "sha256": "7fcaabb2fef8c910e7f4c7ce9f67a1283a1715879a7c230ca9d6d1ae31f16d91"
        }
      },
      "targets": [
        {
          "Library": {
            "crate_name": "either",
            "crate_root": "src/lib.rs",
            "srcs": [
              "**/*.rs"
            ]
          }
        }
      ],
      "library_target_name": "either",
      "common_attrs": {
        "compile_data_glob": [
          "**"
        ],
        "crate_features": {
          "common": [
            "use_std"
          ],
          "selects": {}
        },
        "edition": "2018",
        "version": "1.8.1"
      },
      "license": "MIT OR Apache-2.0"
    },
    "instant 0.1.12": {
      "name": "instant",
      "version": "0.1.12",
      "repository": {
        "Http": {
          "url": "https://crates.io/api/v1/crates/instant/0.1.12/download",
          "sha256": "7a5bbe824c507c5da5956355e86a746d82e0e1464f65d862cc5e71da70e94b2c"
        }
      },
      "targets": [
        {
          "Library": {
            "crate_name": "instant",
            "crate_root": "src/lib.rs",
            "srcs": [
              "**/*.rs"
            ]
          }
        }
      ],
      "library_target_name": "instant",
      "common_attrs": {
        "compile_data_glob": [
          "**"
        ],
        "deps": {
          "common": [
            {
              "id": "cfg-if 1.0.0",
              "target": "cfg_if"
            }
          ],
          "selects": {}
        },
        "edition": "2018",
        "version": "0.1.12"
      },
      "license": "BSD-3-Clause"
    },
    "itertools 0.10.5": {
      "name": "itertools",
      "version": "0.10.5",
      "repository": {
        "Http": {
          "url": "https://crates.io/api/v1/crates/itertools/0.10.5/download",
          "sha256": "b0fd2260e829bddf4cb6ea802289de2f86d6a7a690192fbe91b3f46e0f2c8473"
        }
      },
      "targets": [
        {
          "Library": {
            "crate_name": "itertools",
            "crate_root": "src/lib.rs",
            "srcs": [
              "**/*.rs"
            ]
          }
        }
      ],
      "library_target_name": "itertools",
      "common_attrs": {
        "compile_data_glob": [
          "**"
        ],
        "crate_features": {
          "common": [
            "default",
            "use_alloc",
            "use_std"
          ],
          "selects": {}
        },
        "deps": {
          "common": [
            {
              "id": "either 1.8.1",
              "target": "either"
            }
          ],
          "selects": {}
        },
        "edition": "2018",
        "version": "0.10.5"
      },
      "license": "MIT/Apache-2.0"
    },
    "itoa 1.0.6": {
      "name": "itoa",
      "version": "1.0.6",
      "repository": {
        "Http": {
          "url": "https://crates.io/api/v1/crates/itoa/1.0.6/download",
          "sha256": "453ad9f582a441959e5f0d088b02ce04cfe8d51a8eaf077f12ac6d3e94164ca6"
        }
      },
      "targets": [
        {
          "Library": {
            "crate_name": "itoa",
            "crate_root": "src/lib.rs",
            "srcs": [
              "**/*.rs"
            ]
          }
        }
      ],
      "library_target_name": "itoa",
      "common_attrs": {
        "compile_data_glob": [
          "**"
        ],
        "edition": "2018",
        "version": "1.0.6"
      },
      "license": "MIT OR Apache-2.0"
    }
  },
  "binary_crates": [],
  "workspace_members": {
    "direct-cargo-bazel-deps 0.0.1": ""
  },
  "conditions": {}
}
